
Microsoft Visual Studio Solution File, Format Version 12.00
# Visual Studio Version 16
VisualStudioVersion = 16.0.30413.136
MinimumVisualStudioVersion = 10.0.40219.1
Project("{9A19103F-16F7-4668-BE54-9A1E7A4F7556}") = "Fizz Buzz", "Fizz Buzz\Fizz Buzz.csproj", "{882D62CB-A528-4BBB-A359-200F50543B87}"
EndProject
Project("{9A19103F-16F7-4668-BE54-9A1E7A4F7556}") = "Coin Toss", "Coin Toss\Coin Toss.csproj", "{88B4B218-528C-4588-B2A0-8776B12F85FA}"
EndProject
Project("{FAE04EC0-301F-11D3-BF4B-00C04F79EFBC}") = "Loops", "Loops\Loops.csproj", "{84DC360D-1847-4A36-A0E0-EE44CBB40331}"
EndProject
Project("{9A19103F-16F7-4668-BE54-9A1E7A4F7556}") = "Sumof3", "..\..\Participation\Sumof3\Sumof3.csproj", "{DC5AA61B-EAE1-4E2E-9D45-D330DA4CF897}"
EndProject
Project("{9A19103F-16F7-4668-BE54-9A1E7A4F7556}") = "StringManipulation", "StringManipulation\StringManipulation.csproj", "{3C068625-C0F4-48A2-BADF-DF5C90971AE7}"
EndProject
Project("{9A19103F-16F7-4668-BE54-9A1E7A4F7556}") = "CollectionMinMaxAVG", "CollectionMinMaxAVG\CollectionMinMaxAVG.csproj", "{3D7D3E6A-B135-465A-AED6-8E1F6A581E2F}"
EndProject
Project("{9A19103F-16F7-4668-BE54-9A1E7A4F7556}") = "CSVFile", "CSVFile\CSVFile.csproj", "{09B575FB-6E94-4E2E-81DA-9BDFEC8FAB7C}"
EndProject
Project("{9A19103F-16F7-4668-BE54-9A1E7A4F7556}") = "CSVFile2", "CSVFile2\CSVFile2.csproj", "{3740B6D0-2C3D-4159-9AED-F35AE3A67E99}"
EndProject
Project("{9A19103F-16F7-4668-BE54-9A1E7A4F7556}") = "SimpleMethod", "SimpleMethod\SimpleMethod.csproj", "{54C39D50-452C-4402-96DF-E33FA6DD3798}"
EndProject
Project("{9A19103F-16F7-4668-BE54-9A1E7A4F7556}") = "RectangleAndCircle", "RectangleAndCircle\RectangleAndCircle.csproj", "{D50B435C-4B19-4B3E-9244-2D5C910C9C2B}"
EndProject
Project("{9A19103F-16F7-4668-BE54-9A1E7A4F7556}") = "Toys", "Toys\Toys.csproj", "{2A162C16-C1EE-45CC-AE30-FF87C9327A8A}"
EndProject
Project("{FAE04EC0-301F-11D3-BF4B-00C04F79EFBC}") = "TextBox", "TextBox\TextBox.csproj", "{82A4FEDB-C675-4AEA-9EE1-1263AA78C038}"
EndProject
Global
	GlobalSection(SolutionConfigurationPlatforms) = preSolution
		Debug|Any CPU = Debug|Any CPU
		Release|Any CPU = Release|Any CPU
	EndGlobalSection
	GlobalSection(ProjectConfigurationPlatforms) = postSolution
		{882D62CB-A528-4BBB-A359-200F50543B87}.Debug|Any CPU.ActiveCfg = Debug|Any CPU
		{882D62CB-A528-4BBB-A359-200F50543B87}.Debug|Any CPU.Build.0 = Debug|Any CPU
		{882D62CB-A528-4BBB-A359-200F50543B87}.Release|Any CPU.ActiveCfg = Release|Any CPU
		{882D62CB-A528-4BBB-A359-200F50543B87}.Release|Any CPU.Build.0 = Release|Any CPU
		{88B4B218-528C-4588-B2A0-8776B12F85FA}.Debug|Any CPU.ActiveCfg = Debug|Any CPU
		{88B4B218-528C-4588-B2A0-8776B12F85FA}.Debug|Any CPU.Build.0 = Debug|Any CPU
		{88B4B218-528C-4588-B2A0-8776B12F85FA}.Release|Any CPU.ActiveCfg = Release|Any CPU
		{88B4B218-528C-4588-B2A0-8776B12F85FA}.Release|Any CPU.Build.0 = Release|Any CPU
		{84DC360D-1847-4A36-A0E0-EE44CBB40331}.Debug|Any CPU.ActiveCfg = Debug|Any CPU
		{84DC360D-1847-4A36-A0E0-EE44CBB40331}.Debug|Any CPU.Build.0 = Debug|Any CPU
		{84DC360D-1847-4A36-A0E0-EE44CBB40331}.Release|Any CPU.ActiveCfg = Release|Any CPU
		{84DC360D-1847-4A36-A0E0-EE44CBB40331}.Release|Any CPU.Build.0 = Release|Any CPU
		{DC5AA61B-EAE1-4E2E-9D45-D330DA4CF897}.Debug|Any CPU.ActiveCfg = Debug|Any CPU
		{DC5AA61B-EAE1-4E2E-9D45-D330DA4CF897}.Debug|Any CPU.Build.0 = Debug|Any CPU
		{DC5AA61B-EAE1-4E2E-9D45-D330DA4CF897}.Release|Any CPU.ActiveCfg = Release|Any CPU
		{DC5AA61B-EAE1-4E2E-9D45-D330DA4CF897}.Release|Any CPU.Build.0 = Release|Any CPU
		{3C068625-C0F4-48A2-BADF-DF5C90971AE7}.Debug|Any CPU.ActiveCfg = Debug|Any CPU
		{3C068625-C0F4-48A2-BADF-DF5C90971AE7}.Debug|Any CPU.Build.0 = Debug|Any CPU
		{3C068625-C0F4-48A2-BADF-DF5C90971AE7}.Release|Any CPU.ActiveCfg = Release|Any CPU
		{3C068625-C0F4-48A2-BADF-DF5C90971AE7}.Release|Any CPU.Build.0 = Release|Any CPU
		{3D7D3E6A-B135-465A-AED6-8E1F6A581E2F}.Debug|Any CPU.ActiveCfg = Debug|Any CPU
		{3D7D3E6A-B135-465A-AED6-8E1F6A581E2F}.Debug|Any CPU.Build.0 = Debug|Any CPU
		{3D7D3E6A-B135-465A-AED6-8E1F6A581E2F}.Release|Any CPU.ActiveCfg = Release|Any CPU
		{3D7D3E6A-B135-465A-AED6-8E1F6A581E2F}.Release|Any CPU.Build.0 = Release|Any CPU
		{09B575FB-6E94-4E2E-81DA-9BDFEC8FAB7C}.Debug|Any CPU.ActiveCfg = Debug|Any CPU
		{09B575FB-6E94-4E2E-81DA-9BDFEC8FAB7C}.Debug|Any CPU.Build.0 = Debug|Any CPU
		{09B575FB-6E94-4E2E-81DA-9BDFEC8FAB7C}.Release|Any CPU.ActiveCfg = Release|Any CPU
		{09B575FB-6E94-4E2E-81DA-9BDFEC8FAB7C}.Release|Any CPU.Build.0 = Release|Any CPU
		{3740B6D0-2C3D-4159-9AED-F35AE3A67E99}.Debug|Any CPU.ActiveCfg = Debug|Any CPU
		{3740B6D0-2C3D-4159-9AED-F35AE3A67E99}.Debug|Any CPU.Build.0 = Debug|Any CPU
		{3740B6D0-2C3D-4159-9AED-F35AE3A67E99}.Release|Any CPU.ActiveCfg = Release|Any CPU
		{3740B6D0-2C3D-4159-9AED-F35AE3A67E99}.Release|Any CPU.Build.0 = Release|Any CPU
		{54C39D50-452C-4402-96DF-E33FA6DD3798}.Debug|Any CPU.ActiveCfg = Debug|Any CPU
		{54C39D50-452C-4402-96DF-E33FA6DD3798}.Debug|Any CPU.Build.0 = Debug|Any CPU
		{54C39D50-452C-4402-96DF-E33FA6DD3798}.Release|Any CPU.ActiveCfg = Release|Any CPU
		{54C39D50-452C-4402-96DF-E33FA6DD3798}.Release|Any CPU.Build.0 = Release|Any CPU
		{D50B435C-4B19-4B3E-9244-2D5C910C9C2B}.Debug|Any CPU.ActiveCfg = Debug|Any CPU
		{D50B435C-4B19-4B3E-9244-2D5C910C9C2B}.Debug|Any CPU.Build.0 = Debug|Any CPU
		{D50B435C-4B19-4B3E-9244-2D5C910C9C2B}.Release|Any CPU.ActiveCfg = Release|Any CPU
		{D50B435C-4B19-4B3E-9244-2D5C910C9C2B}.Release|Any CPU.Build.0 = Release|Any CPU
		{2A162C16-C1EE-45CC-AE30-FF87C9327A8A}.Debug|Any CPU.ActiveCfg = Debug|Any CPU
		{2A162C16-C1EE-45CC-AE30-FF87C9327A8A}.Debug|Any CPU.Build.0 = Debug|Any CPU
		{2A162C16-C1EE-45CC-AE30-FF87C9327A8A}.Release|Any CPU.ActiveCfg = Release|Any CPU
		{2A162C16-C1EE-45CC-AE30-FF87C9327A8A}.Release|Any CPU.Build.0 = Release|Any CPU
		{82A4FEDB-C675-4AEA-9EE1-1263AA78C038}.Debug|Any CPU.ActiveCfg = Debug|Any CPU
		{82A4FEDB-C675-4AEA-9EE1-1263AA78C038}.Debug|Any CPU.Build.0 = Debug|Any CPU
		{82A4FEDB-C675-4AEA-9EE1-1263AA78C038}.Release|Any CPU.ActiveCfg = Release|Any CPU
		{82A4FEDB-C675-4AEA-9EE1-1263AA78C038}.Release|Any CPU.Build.0 = Release|Any CPU
	EndGlobalSection
	GlobalSection(SolutionProperties) = preSolution
		HideSolutionNode = FALSE
	EndGlobalSection
	GlobalSection(ExtensibilityGlobals) = postSolution
		SolutionGuid = {FFB520C0-D2F5-442B-98E4-26CCF23D7130}
	EndGlobalSection
EndGlobal
